// !$*UTF8*$!
{
	archiveVersion = 1;
	classes = {
	};
	objectVersion = 46;
	objects = {

/* Begin PBXBuildFile section */
		5F5C3F291A81CE06002A3094 /* main.m in Sources */ = {isa = PBXBuildFile; fileRef = 5F5C3F281A81CE06002A3094 /* main.m */; };
		5F5C3F2C1A81CE06002A3094 /* AppDelegate.m in Sources */ = {isa = PBXBuildFile; fileRef = 5F5C3F2B1A81CE06002A3094 /* AppDelegate.m */; };
		5F5C3F2F1A81CE06002A3094 /* ViewController.m in Sources */ = {isa = PBXBuildFile; fileRef = 5F5C3F2E1A81CE06002A3094 /* ViewController.m */; };
		5F5C3F321A81CE06002A3094 /* Main.storyboard in Resources */ = {isa = PBXBuildFile; fileRef = 5F5C3F301A81CE06002A3094 /* Main.storyboard */; };
		5F5C3F341A81CE06002A3094 /* Images.xcassets in Resources */ = {isa = PBXBuildFile; fileRef = 5F5C3F331A81CE06002A3094 /* Images.xcassets */; };
		5F5C3F371A81CE06002A3094 /* LaunchScreen.xib in Resources */ = {isa = PBXBuildFile; fileRef = 5F5C3F351A81CE06002A3094 /* LaunchScreen.xib */; };
		5F5C3F431A81CE06002A3094 /* RunningAppTests.m in Sources */ = {isa = PBXBuildFile; fileRef = 5F5C3F421A81CE06002A3094 /* RunningAppTests.m */; };
/* End PBXBuildFile section */

/* Begin PBXContainerItemProxy section */
		5F5C3F3D1A81CE06002A3094 /* PBXContainerItemProxy */ = {
			isa = PBXContainerItemProxy;
			containerPortal = 5F5C3F1B1A81CE06002A3094 /* Project object */;
			proxyType = 1;
			remoteGlobalIDString = 5F5C3F221A81CE06002A3094;
			remoteInfo = RunningApp;
		};
/* End PBXContainerItemProxy section */

/* Begin PBXFileReference section */
		5F5C3F231A81CE06002A3094 /* RunningApp.app */ = {isa = PBXFileReference; explicitFileType = wrapper.application; includeInIndex = 0; path = RunningApp.app; sourceTree = BUILT_PRODUCTS_DIR; };
		5F5C3F271A81CE06002A3094 /* Info.plist */ = {isa = PBXFileReference; lastKnownFileType = text.plist.xml; path = Info.plist; sourceTree = "<group>"; };
		5F5C3F281A81CE06002A3094 /* main.m */ = {isa = PBXFileReference; lastKnownFileType = sourcecode.c.objc; path = main.m; sourceTree = "<group>"; };
		5F5C3F2A1A81CE06002A3094 /* AppDelegate.h */ = {isa = PBXFileReference; lastKnownFileType = sourcecode.c.h; path = AppDelegate.h; sourceTree = "<group>"; };
		5F5C3F2B1A81CE06002A3094 /* AppDelegate.m */ = {isa = PBXFileReference; lastKnownFileType = sourcecode.c.objc; path = AppDelegate.m; sourceTree = "<group>"; };
		5F5C3F2D1A81CE06002A3094 /* ViewController.h */ = {isa = PBXFileReference; lastKnownFileType = sourcecode.c.h; path = ViewController.h; sourceTree = "<group>"; };
		5F5C3F2E1A81CE06002A3094 /* ViewController.m */ = {isa = PBXFileReference; lastKnownFileType = sourcecode.c.objc; path = ViewController.m; sourceTree = "<group>"; };
		5F5C3F311A81CE06002A3094 /* Base */ = {isa = PBXFileReference; lastKnownFileType = file.storyboard; name = Base; path = Base.lproj/Main.storyboard; sourceTree = "<group>"; };
		5F5C3F331A81CE06002A3094 /* Images.xcassets */ = {isa = PBXFileReference; lastKnownFileType = folder.assetcatalog; path = Images.xcassets; sourceTree = "<group>"; };
		5F5C3F361A81CE06002A3094 /* Base */ = {isa = PBXFileReference; lastKnownFileType = file.xib; name = Base; path = Base.lproj/LaunchScreen.xib; sourceTree = "<group>"; };
		5F5C3F3C1A81CE06002A3094 /* RunningAppTests.xctest */ = {isa = PBXFileReference; explicitFileType = wrapper.cfbundle; includeInIndex = 0; path = RunningAppTests.xctest; sourceTree = BUILT_PRODUCTS_DIR; };
		5F5C3F411A81CE06002A3094 /* Info.plist */ = {isa = PBXFileReference; lastKnownFileType = text.plist.xml; path = Info.plist; sourceTree = "<group>"; };
		5F5C3F421A81CE06002A3094 /* RunningAppTests.m */ = {isa = PBXFileReference; lastKnownFileType = sourcecode.c.objc; path = RunningAppTests.m; sourceTree = "<group>"; };
/* End PBXFileReference section */

/* Begin PBXFrameworksBuildPhase section */
		5F5C3F201A81CE06002A3094 /* Frameworks */ = {
			isa = PBXFrameworksBuildPhase;
			buildActionMask = 2147483647;
			files = (
			);
			runOnlyForDeploymentPostprocessing = 0;
		};
		5F5C3F391A81CE06002A3094 /* Frameworks */ = {
			isa = PBXFrameworksBuildPhase;
			buildActionMask = 2147483647;
			files = (
			);
			runOnlyForDeploymentPostprocessing = 0;
		};
/* End PBXFrameworksBuildPhase section */

/* Begin PBXGroup section */
		5F5C3F1A1A81CE06002A3094 = {
			isa = PBXGroup;
			children = (
				5F5C3F251A81CE06002A3094 /* RunningApp */,
				5F5C3F3F1A81CE06002A3094 /* RunningAppTests */,
				5F5C3F241A81CE06002A3094 /* Products */,
			);
			sourceTree = "<group>";
		};
		5F5C3F241A81CE06002A3094 /* Products */ = {
			isa = PBXGroup;
			children = (
				5F5C3F231A81CE06002A3094 /* RunningApp.app */,
				5F5C3F3C1A81CE06002A3094 /* RunningAppTests.xctest */,
			);
			name = Products;
			sourceTree = "<group>";
		};
		5F5C3F251A81CE06002A3094 /* RunningApp */ = {
			isa = PBXGroup;
			children = (
				5F5C3F2A1A81CE06002A3094 /* AppDelegate.h */,
				5F5C3F2B1A81CE06002A3094 /* AppDelegate.m */,
				5F5C3F2D1A81CE06002A3094 /* ViewController.h */,
				5F5C3F2E1A81CE06002A3094 /* ViewController.m */,
				5F5C3F301A81CE06002A3094 /* Main.storyboard */,
				5F5C3F331A81CE06002A3094 /* Images.xcassets */,
				5F5C3F351A81CE06002A3094 /* LaunchScreen.xib */,
				5F5C3F261A81CE06002A3094 /* Supporting Files */,
			);
			path = RunningApp;
			sourceTree = "<group>";
		};
		5F5C3F261A81CE06002A3094 /* Supporting Files */ = {
			isa = PBXGroup;
			children = (
				5F5C3F271A81CE06002A3094 /* Info.plist */,
				5F5C3F281A81CE06002A3094 /* main.m */,
			);
			name = "Supporting Files";
			sourceTree = "<group>";
		};
		5F5C3F3F1A81CE06002A3094 /* RunningAppTests */ = {
			isa = PBXGroup;
			children = (
				5F5C3F421A81CE06002A3094 /* RunningAppTests.m */,
				5F5C3F401A81CE06002A3094 /* Supporting Files */,
			);
			path = RunningAppTests;
			sourceTree = "<group>";
		};
		5F5C3F401A81CE06002A3094 /* Supporting Files */ = {
			isa = PBXGroup;
			children = (
				5F5C3F411A81CE06002A3094 /* Info.plist */,
			);
			name = "Supporting Files";
			sourceTree = "<group>";
		};
/* End PBXGroup section */

/* Begin PBXNativeTarget section */
		5F5C3F221A81CE06002A3094 /* RunningApp */ = {
			isa = PBXNativeTarget;
			buildConfigurationList = 5F5C3F461A81CE06002A3094 /* Build configuration list for PBXNativeTarget "RunningApp" */;
			buildPhases = (
				5F5C3F1F1A81CE06002A3094 /* Sources */,
				5F5C3F201A81CE06002A3094 /* Frameworks */,
				5F5C3F211A81CE06002A3094 /* Resources */,
			);
			buildRules = (
			);
			dependencies = (
			);
			name = RunningApp;
			productName = RunningApp;
			productReference = 5F5C3F231A81CE06002A3094 /* RunningApp.app */;
			productType = "com.apple.product-type.application";
		};
		5F5C3F3B1A81CE06002A3094 /* RunningAppTests */ = {
			isa = PBXNativeTarget;
			buildConfigurationList = 5F5C3F491A81CE06002A3094 /* Build configuration list for PBXNativeTarget "RunningAppTests" */;
			buildPhases = (
				5F5C3F381A81CE06002A3094 /* Sources */,
				5F5C3F391A81CE06002A3094 /* Frameworks */,
				5F5C3F3A1A81CE06002A3094 /* Resources */,
			);
			buildRules = (
			);
			dependencies = (
				5F5C3F3E1A81CE06002A3094 /* PBXTargetDependency */,
			);
			name = RunningAppTests;
			productName = RunningAppTests;
			productReference = 5F5C3F3C1A81CE06002A3094 /* RunningAppTests.xctest */;
			productType = "com.apple.product-type.bundle.unit-test";
		};
/* End PBXNativeTarget section */

/* Begin PBXProject section */
		5F5C3F1B1A81CE06002A3094 /* Project object */ = {
			isa = PBXProject;
			attributes = {
				LastUpgradeCheck = 0610;
				ORGANIZATIONNAME = Adways;
				TargetAttributes = {
					5F5C3F221A81CE06002A3094 = {
						CreatedOnToolsVersion = 6.1;
					};
					5F5C3F3B1A81CE06002A3094 = {
						CreatedOnToolsVersion = 6.1;
						TestTargetID = 5F5C3F221A81CE06002A3094;
					};
				};
			};
			buildConfigurationList = 5F5C3F1E1A81CE06002A3094 /* Build configuration list for PBXProject "RunningApp" */;
			compatibilityVersion = "Xcode 3.2";
			developmentRegion = English;
			hasScannedForEncodings = 0;
			knownRegions = (
				en,
				Base,
			);
			mainGroup = 5F5C3F1A1A81CE06002A3094;
			productRefGroup = 5F5C3F241A81CE06002A3094 /* Products */;
			projectDirPath = "";
			projectRoot = "";
			targets = (
				5F5C3F221A81CE06002A3094 /* RunningApp */,
				5F5C3F3B1A81CE06002A3094 /* RunningAppTests */,
			);
		};
/* End PBXProject section */

/* Begin PBXResourcesBuildPhase section */
		5F5C3F211A81CE06002A3094 /* Resources */ = {
			isa = PBXResourcesBuildPhase;
			buildActionMask = 2147483647;
			files = (
				5F5C3F321A81CE06002A3094 /* Main.storyboard in Resources */,
				5F5C3F371A81CE06002A3094 /* LaunchScreen.xib in Resources */,
				5F5C3F341A81CE06002A3094 /* Images.xcassets in Resources */,
			);
			runOnlyForDeploymentPostprocessing = 0;
		};
		5F5C3F3A1A81CE06002A3094 /* Resources */ = {
			isa = PBXResourcesBuildPhase;
			buildActionMask = 2147483647;
			files = (
			);
			runOnlyForDeploymentPostprocessing = 0;
		};
/* End PBXResourcesBuildPhase section */

/* Begin PBXSourcesBuildPhase section */
		5F5C3F1F1A81CE06002A3094 /* Sources */ = {
			isa = PBXSourcesBuildPhase;
			buildActionMask = 2147483647;
			files = (
				5F5C3F2F1A81CE06002A3094 /* ViewController.m in Sources */,
				5F5C3F2C1A81CE06002A3094 /* AppDelegate.m in Sources */,
				5F5C3F291A81CE06002A3094 /* main.m in Sources */,
			);
			runOnlyForDeploymentPostprocessing = 0;
		};
		5F5C3F381A81CE06002A3094 /* Sources */ = {
			isa = PBXSourcesBuildPhase;
			buildActionMask = 2147483647;
			files = (
				5F5C3F431A81CE06002A3094 /* RunningAppTests.m in Sources */,
			);
			runOnlyForDeploymentPostprocessing = 0;
		};
/* End PBXSourcesBuildPhase section */

/* Begin PBXTargetDependency section */
		5F5C3F3E1A81CE06002A3094 /* PBXTargetDependency */ = {
			isa = PBXTargetDependency;
			target = 5F5C3F221A81CE06002A3094 /* RunningApp */;
			targetProxy = 5F5C3F3D1A81CE06002A3094 /* PBXContainerItemProxy */;
		};
/* End PBXTargetDependency section */

/* Begin PBXVariantGroup section */
		5F5C3F301A81CE06002A3094 /* Main.storyboard */ = {
			isa = PBXVariantGroup;
			children = (
				5F5C3F311A81CE06002A3094 /* Base */,
			);
			name = Main.storyboard;
			sourceTree = "<group>";
		};
		5F5C3F351A81CE06002A3094 /* LaunchScreen.xib */ = {
			isa = PBXVariantGroup;
			children = (
				5F5C3F361A81CE06002A3094 /* Base */,
			);
			name = LaunchScreen.xib;
			sourceTree = "<group>";
		};
/* End PBXVariantGroup section */

/* Begin XCBuildConfiguration section */
		5F5C3F441A81CE06002A3094 /* Debug */ = {
			isa = XCBuildConfiguration;
			buildSettings = {
				ALWAYS_SEARCH_USER_PATHS = NO;
				CLANG_CXX_LANGUAGE_STANDARD = "gnu++0x";
				CLANG_CXX_LIBRARY = "libc++";
				CLANG_ENABLE_MODULES = YES;
				CLANG_ENABLE_OBJC_ARC = YES;
				CLANG_WARN_BOOL_CONVERSION = YES;
				CLANG_WARN_CONSTANT_CONVERSION = YES;
				CLANG_WARN_DIRECT_OBJC_ISA_USAGE = YES_ERROR;
				CLANG_WARN_EMPTY_BODY = YES;
				CLANG_WARN_ENUM_CONVERSION = YES;
				CLANG_WARN_INT_CONVERSION = YES;
				CLANG_WARN_OBJC_ROOT_CLASS = YES_ERROR;
				CLANG_WARN_UNREACHABLE_CODE = YES;
				CLANG_WARN__DUPLICATE_METHOD_MATCH = YES;
				"CODE_SIGN_IDENTITY[sdk=iphoneos*]" = "iPhone Developer";
				COPY_PHASE_STRIP = NO;
				ENABLE_STRICT_OBJC_MSGSEND = YES;
				GCC_C_LANGUAGE_STANDARD = gnu99;
				GCC_DYNAMIC_NO_PIC = NO;
				GCC_OPTIMIZATION_LEVEL = 0;
				GCC_PREPROCESSOR_DEFINITIONS = (
					"DEBUG=1",
					"$(inherited)",
				);
				GCC_SYMBOLS_PRIVATE_EXTERN = NO;
				GCC_WARN_64_TO_32_BIT_CONVERSION = YES;
				GCC_WARN_ABOUT_RETURN_TYPE = YES_ERROR;
				GCC_WARN_UNDECLARED_SELECTOR = YES;
				GCC_WARN_UNINITIALIZED_AUTOS = YES_AGGRESSIVE;
				GCC_WARN_UNUSED_FUNCTION = YES;
				GCC_WARN_UNUSED_VARIABLE = YES;
				IPHONEOS_DEPLOYMENT_TARGET = 8.1;
				MTL_ENABLE_DEBUG_INFO = YES;
				ONLY_ACTIVE_ARCH = YES;
				SDKROOT = iphoneos;
			};
			name = Debug;
		};
		5F5C3F451A81CE06002A3094 /* Release */ = {
			isa = XCBuildConfiguration;
			buildSettings = {
				ALWAYS_SEARCH_USER_PATHS = NO;
				CLANG_CXX_LANGUAGE_STANDARD = "gnu++0x";
				CLANG_CXX_LIBRARY = "libc++";
				CLANG_ENABLE_MODULES = YES;
				CLANG_ENABLE_OBJC_ARC = YES;
				CLANG_WARN_BOOL_CONVERSION = YES;
				CLANG_WARN_CONSTANT_CONVERSION = YES;
				CLANG_WARN_DIRECT_OBJC_ISA_USAGE = YES_ERROR;
				CLANG_WARN_EMPTY_BODY = YES;
				CLANG_WARN_ENUM_CONVERSION = YES;
				CLANG_WARN_INT_CONVERSION = YES;
				CLANG_WARN_OBJC_ROOT_CLASS = YES_ERROR;
				CLANG_WARN_UNREACHABLE_CODE = YES;
				CLANG_WARN__DUPLICATE_METHOD_MATCH = YES;
				"CODE_SIGN_IDENTITY[sdk=iphoneos*]" = "iPhone Developer";
				COPY_PHASE_STRIP = YES;
				ENABLE_NS_ASSERTIONS = NO;
				ENABLE_STRICT_OBJC_MSGSEND = YES;
				GCC_C_LANGUAGE_STANDARD = gnu99;
				GCC_WARN_64_TO_32_BIT_CONVERSION = YES;
				GCC_WARN_ABOUT_RETURN_TYPE = YES_ERROR;
				GCC_WARN_UNDECLARED_SELECTOR = YES;
				GCC_WARN_UNINITIALIZED_AUTOS = YES_AGGRESSIVE;
				GCC_WARN_UNUSED_FUNCTION = YES;
				GCC_WARN_UNUSED_VARIABLE = YES;
				IPHONEOS_DEPLOYMENT_TARGET = 8.1;
				MTL_ENABLE_DEBUG_INFO = NO;
				SDKROOT = iphoneos;
				VALIDATE_PRODUCT = YES;
			};
			name = Release;
		};
		5F5C3F471A81CE06002A3094 /* Debug */ = {
			isa = XCBuildConfiguration;
			buildSettings = {
				ASSETCATALOG_COMPILER_APPICON_NAME = AppIcon;
				INFOPLIST_FILE = RunningApp/Info.plist;
				LD_RUNPATH_SEARCH_PATHS = "$(inherited) @executable_path/Frameworks";
				PRODUCT_NAME = "$(TARGET_NAME)";
			};
			name = Debug;
		};
		5F5C3F481A81CE06002A3094 /* Release */ = {
			isa = XCBuildConfiguration;
			buildSettings = {
				ASSETCATALOG_COMPILER_APPICON_NAME = AppIcon;
				INFOPLIST_FILE = RunningApp/Info.plist;
				LD_RUNPATH_SEARCH_PATHS = "$(inherited) @executable_path/Frameworks";
				PRODUCT_NAME = "$(TARGET_NAME)";
			};
			name = Release;
		};
		5F5C3F4A1A81CE06002A3094 /* Debug */ = {
			isa = XCBuildConfiguration;
			buildSettings = {
				BUNDLE_LOADER = "$(TEST_HOST)";
				FRAMEWORK_SEARCH_PATHS = (
					"$(SDKROOT)/Developer/Library/Frameworks",
					"$(inherited)",
				);
				GCC_PREPROCESSOR_DEFINITIONS = (
					"DEBUG=1",
					"$(inherited)",
				);
				INFOPLIST_FILE = RunningAppTests/Info.plist;
				LD_RUNPATH_SEARCH_PATHS = "$(inherited) @executable_path/Frameworks @loader_path/Frameworks";
				PRODUCT_NAME = "$(TARGET_NAME)";
				TEST_HOST = "$(BUILT_PRODUCTS_DIR)/RunningApp.app/RunningApp";
			};
			name = Debug;
		};
		5F5C3F4B1A81CE06002A3094 /* Release */ = {
			isa = XCBuildConfiguration;
			buildSettings = {
				BUNDLE_LOADER = "$(TEST_HOST)";
				FRAMEWORK_SEARCH_PATHS = (
					"$(SDKROOT)/Developer/Library/Frameworks",
					"$(inherited)",
				);
				INFOPLIST_FILE = RunningAppTests/Info.plist;
				LD_RUNPATH_SEARCH_PATHS = "$(inherited) @executable_path/Frameworks @loader_path/Frameworks";
				PRODUCT_NAME = "$(TARGET_NAME)";
				TEST_HOST = "$(BUILT_PRODUCTS_DIR)/RunningApp.app/RunningApp";
			};
			name = Release;
		};
/* End XCBuildConfiguration section */

/* Begin XCConfigurationList section */
		5F5C3F1E1A81CE06002A3094 /* Build configuration list for PBXProject "RunningApp" */ = {
			isa = XCConfigurationList;
			buildConfigurations = (
				5F5C3F441A81CE06002A3094 /* Debug */,
				5F5C3F451A81CE06002A3094 /* Release */,
			);
			defaultConfigurationIsVisible = 0;
			defaultConfigurationName = Release;
		};
		5F5C3F461A81CE06002A3094 /* Build configuration list for PBXNativeTarget "RunningApp" */ = {
			isa = XCConfigurationList;
			buildConfigurations = (
				5F5C3F471A81CE06002A3094 /* Debug */,
				5F5C3F481A81CE06002A3094 /* Release */,
			);
			defaultConfigurationIsVisible = 0;
			defaultConfigurationName = Release;
		};
		5F5C3F491A81CE06002A3094 /* Build configuration list for PBXNativeTarget "RunningAppTests" */ = {
			isa = XCConfigurationList;
			buildConfigurations = (
				5F5C3F4A1A81CE06002A3094 /* Debug */,
				5F5C3F4B1A81CE06002A3094 /* Release */,
			);
			defaultConfigurationIsVisible = 0;
			defaultConfigurationName = Release;
		};
/* End XCConfigurationList section */
	};
	rootObject = 5F5C3F1B1A81CE06002A3094 /* Project object */;
}
